{
  "name": "codelab-elements",
  "version": "4.0.0",
  "lockfileVersion": 1,
  "requires": true,
  "dependencies": {
    "@bazel/bazel": {
      "version": "0.18.1",
      "resolved": "https://registry.npmjs.org/@bazel/bazel/-/bazel-0.18.1.tgz",
      "integrity": "sha512-2KjB0umWsW5or78hTG/RVLmAKmeouyDjqjNsGlOY3pzpj9yqDMG5iDPJh4Q1/hXxiDmF2qZWwqWIEh55LFZXaQ==",
      "requires": {
        "@bazel/bazel-darwin_x64": "0.18.0",
        "@bazel/bazel-linux_x64": "0.18.0",
        "@bazel/bazel-win32_x64": "0.18.0"
      },
      "dependencies": {
        "@bazel/bazel-darwin_x64": {
          "version": "0.18.0",
          "resolved": "https://registry.npmjs.org/@bazel/bazel-darwin_x64/-/bazel-darwin_x64-0.18.0.tgz",
          "integrity": "sha512-um2OzgLL2Gd/W6joOpvrSTcqpnupliPNpwe/uE7sB0huBSJ/4Im0w2IlCTI6C7OfgMcbpUj4YxgUa9T6u6WY6w==",
          "optional": true
        },
        "@bazel/bazel-linux_x64": {
          "version": "0.18.0",
          "resolved": "https://registry.npmjs.org/@bazel/bazel-linux_x64/-/bazel-linux_x64-0.18.0.tgz",
          "integrity": "sha512-Rq8X8bL6SgQvbOHnfPhSgF6hp+f6Fbt2w6pRmBlFvV1J+CeUyrSrrRXfnnO1bjIuq05Ur3mV8ULA0qK6rtA5lQ==",
          "optional": true
        },
        "@bazel/bazel-win32_x64": {
          "version": "0.18.0",
          "resolved": "https://registry.npmjs.org/@bazel/bazel-win32_x64/-/bazel-win32_x64-0.18.0.tgz",
          "integrity": "sha512-U2TbfK8B7dc3JqXSFwj2oXCQrxEaSzCCUkAHjAOIGOKzx/HLKIKs+NJj9IQkLLr7BsMU+Qqzo8aqo11E+Vs+aA==",
          "optional": true
        }
      }
    }
  }
}
